// !$*UTF8*$!
{
	archiveVersion = 1;
	classes = {
	};
	objectVersion = 55;
	objects = {

/* Begin PBXBuildFile section */
		6405950127497C0E00ACE615 /* firstVC.swift in Sources */ = {isa = PBXBuildFile; fileRef = 6405950027497C0E00ACE615 /* firstVC.swift */; };
		6405950327497C9400ACE615 /* secondVC.swift in Sources */ = {isa = PBXBuildFile; fileRef = 6405950227497C9400ACE615 /* secondVC.swift */; };
		6405950527497CD400ACE615 /* feelVC.swift in Sources */ = {isa = PBXBuildFile; fileRef = 6405950427497CD400ACE615 /* feelVC.swift */; };
		6405950727497CF900ACE615 /* shareVC.swift in Sources */ = {isa = PBXBuildFile; fileRef = 6405950627497CF900ACE615 /* shareVC.swift */; };
		6405950927497D2000ACE615 /* fifthVC.swift in Sources */ = {isa = PBXBuildFile; fileRef = 6405950827497D2000ACE615 /* fifthVC.swift */; };
		641990CD27A7AD9F001C7995 /* Extensions.swift in Sources */ = {isa = PBXBuildFile; fileRef = 641990CC27A7AD9F001C7995 /* Extensions.swift */; };
		648735E627475D0800F6B5E2 /* TabBarVC.swift in Sources */ = {isa = PBXBuildFile; fileRef = 648735E527475D0700F6B5E2 /* TabBarVC.swift */; };
		64E8257E2735D46B004737D0 /* AppDelegate.swift in Sources */ = {isa = PBXBuildFile; fileRef = 64E8257D2735D46B004737D0 /* AppDelegate.swift */; };
		64E825802735D46B004737D0 /* SceneDelegate.swift in Sources */ = {isa = PBXBuildFile; fileRef = 64E8257F2735D46B004737D0 /* SceneDelegate.swift */; };
		64E825872735D46C004737D0 /* Assets.xcassets in Resources */ = {isa = PBXBuildFile; fileRef = 64E825862735D46C004737D0 /* Assets.xcassets */; };
		64E8258A2735D46C004737D0 /* LaunchScreen.storyboard in Resources */ = {isa = PBXBuildFile; fileRef = 64E825882735D46C004737D0 /* LaunchScreen.storyboard */; };
		64FBD087275C06BD00BD2B4B /* feedbackVC.swift in Sources */ = {isa = PBXBuildFile; fileRef = 64FBD086275C06BD00BD2B4B /* feedbackVC.swift */; };
/* End PBXBuildFile section */

/* Begin PBXFileReference section */
		6405950027497C0E00ACE615 /* firstVC.swift */ = {isa = PBXFileReference; lastKnownFileType = sourcecode.swift; path = firstVC.swift; sourceTree = "<group>"; };
		6405950227497C9400ACE615 /* secondVC.swift */ = {isa = PBXFileReference; lastKnownFileType = sourcecode.swift; path = secondVC.swift; sourceTree = "<group>"; };
		6405950427497CD400ACE615 /* feelVC.swift */ = {isa = PBXFileReference; lastKnownFileType = sourcecode.swift; path = feelVC.swift; sourceTree = "<group>"; };
		6405950627497CF900ACE615 /* shareVC.swift */ = {isa = PBXFileReference; lastKnownFileType = sourcecode.swift; path = shareVC.swift; sourceTree = "<group>"; };
		6405950827497D2000ACE615 /* fifthVC.swift */ = {isa = PBXFileReference; lastKnownFileType = sourcecode.swift; path = fifthVC.swift; sourceTree = "<group>"; };
		641990CC27A7AD9F001C7995 /* Extensions.swift */ = {isa = PBXFileReference; fileEncoding = 4; lastKnownFileType = sourcecode.swift; path = Extensions.swift; sourceTree = "<group>"; };
		641990CF27B1146C001C7995 /* JTAppleCalendar-master */ = {isa = PBXFileReference; lastKnownFileType = wrapper; name = "JTAppleCalendar-master"; path = "../../Downloads/JTAppleCalendar-master"; sourceTree = "<group>"; };
		648735E527475D0700F6B5E2 /* TabBarVC.swift */ = {isa = PBXFileReference; lastKnownFileType = sourcecode.swift; path = TabBarVC.swift; sourceTree = "<group>"; };
		64E8257A2735D46B004737D0 /* Feel.app */ = {isa = PBXFileReference; explicitFileType = wrapper.application; includeInIndex = 0; path = Feel.app; sourceTree = BUILT_PRODUCTS_DIR; };
		64E8257D2735D46B004737D0 /* AppDelegate.swift */ = {isa = PBXFileReference; lastKnownFileType = sourcecode.swift; path = AppDelegate.swift; sourceTree = "<group>"; };
		64E8257F2735D46B004737D0 /* SceneDelegate.swift */ = {isa = PBXFileReference; lastKnownFileType = sourcecode.swift; path = SceneDelegate.swift; sourceTree = "<group>"; };
		64E825862735D46C004737D0 /* Assets.xcassets */ = {isa = PBXFileReference; lastKnownFileType = folder.assetcatalog; path = Assets.xcassets; sourceTree = "<group>"; };
		64E825892735D46C004737D0 /* Base */ = {isa = PBXFileReference; lastKnownFileType = file.storyboard; name = Base; path = Base.lproj/LaunchScreen.storyboard; sourceTree = "<group>"; };
		64E8258B2735D46C004737D0 /* Info.plist */ = {isa = PBXFileReference; lastKnownFileType = text.plist.xml; path = Info.plist; sourceTree = "<group>"; };
		64FBD086275C06BD00BD2B4B /* feedbackVC.swift */ = {isa = PBXFileReference; lastKnownFileType = sourcecode.swift; path = feedbackVC.swift; sourceTree = "<group>"; };
/* End PBXFileReference section */

/* Begin PBXFrameworksBuildPhase section */
		64E825772735D46B004737D0 /* Frameworks */ = {
			isa = PBXFrameworksBuildPhase;
			buildActionMask = 2147483647;
			files = (
			);
			runOnlyForDeploymentPostprocessing = 0;
		};
/* End PBXFrameworksBuildPhase section */

/* Begin PBXGroup section */
		641990CB27A7AD78001C7995 /* Extension */ = {
			isa = PBXGroup;
			children = (
				641990CC27A7AD9F001C7995 /* Extensions.swift */,
			);
			path = Extension;
			sourceTree = "<group>";
		};
		641990CE27B1146C001C7995 /* Packages */ = {
			isa = PBXGroup;
			children = (
				641990CF27B1146C001C7995 /* JTAppleCalendar-master */,
			);
			name = Packages;
			sourceTree = "<group>";
		};
		64E825712735D46B004737D0 = {
			isa = PBXGroup;
			children = (
				641990CE27B1146C001C7995 /* Packages */,
				64E8257C2735D46B004737D0 /* Feel */,
				64E8257B2735D46B004737D0 /* Products */,
			);
			sourceTree = "<group>";
		};
		64E8257B2735D46B004737D0 /* Products */ = {
			isa = PBXGroup;
			children = (
				64E8257A2735D46B004737D0 /* Feel.app */,
			);
			name = Products;
			sourceTree = "<group>";
		};
		64E8257C2735D46B004737D0 /* Feel */ = {
			isa = PBXGroup;
			children = (
				641990CB27A7AD78001C7995 /* Extension */,
				64E825932735D4AF004737D0 /* Model */,
				64E825922735D4A6004737D0 /* View */,
				64E825912735D489004737D0 /* Controller */,
				64E8257D2735D46B004737D0 /* AppDelegate.swift */,
				64E8257F2735D46B004737D0 /* SceneDelegate.swift */,
				64E825862735D46C004737D0 /* Assets.xcassets */,
				64E825882735D46C004737D0 /* LaunchScreen.storyboard */,
				64E8258B2735D46C004737D0 /* Info.plist */,
			);
			path = Feel;
			sourceTree = "<group>";
		};
		64E825912735D489004737D0 /* Controller */ = {
			isa = PBXGroup;
			children = (
				648735E527475D0700F6B5E2 /* TabBarVC.swift */,
				6405950027497C0E00ACE615 /* firstVC.swift */,
				6405950227497C9400ACE615 /* secondVC.swift */,
				6405950427497CD400ACE615 /* feelVC.swift */,
				6405950627497CF900ACE615 /* shareVC.swift */,
				6405950827497D2000ACE615 /* fifthVC.swift */,
				64FBD086275C06BD00BD2B4B /* feedbackVC.swift */,
			);
			path = Controller;
			sourceTree = "<group>";
		};
		64E825922735D4A6004737D0 /* View */ = {
			isa = PBXGroup;
			children = (
			);
			path = View;
			sourceTree = "<group>";
		};
		64E825932735D4AF004737D0 /* Model */ = {
			isa = PBXGroup;
			children = (
			);
			path = Model;
			sourceTree = "<group>";
		};
/* End PBXGroup section */

/* Begin PBXNativeTarget section */
		64E825792735D46B004737D0 /* Feel */ = {
			isa = PBXNativeTarget;
			buildConfigurationList = 64E8258E2735D46C004737D0 /* Build configuration list for PBXNativeTarget "Feel" */;
			buildPhases = (
				64E825762735D46B004737D0 /* Sources */,
				64E825772735D46B004737D0 /* Frameworks */,
				64E825782735D46B004737D0 /* Resources */,
			);
			buildRules = (
			);
			dependencies = (
			);
			name = Feel;
			productName = Feel;
			productReference = 64E8257A2735D46B004737D0 /* Feel.app */;
			productType = "com.apple.product-type.application";
		};
/* End PBXNativeTarget section */

/* Begin PBXProject section */
		64E825722735D46B004737D0 /* Project object */ = {
			isa = PBXProject;
			attributes = {
				BuildIndependentTargetsInParallel = 1;
				LastSwiftUpdateCheck = 1300;
				LastUpgradeCheck = 1300;
				TargetAttributes = {
					64E825792735D46B004737D0 = {
						CreatedOnToolsVersion = 13.0;
					};
				};
			};
			buildConfigurationList = 64E825752735D46B004737D0 /* Build configuration list for PBXProject "Feel" */;
			compatibilityVersion = "Xcode 13.0";
			developmentRegion = en;
			hasScannedForEncodings = 0;
			knownRegions = (
				en,
				Base,
			);
			mainGroup = 64E825712735D46B004737D0;
			productRefGroup = 64E8257B2735D46B004737D0 /* Products */;
			projectDirPath = "";
			projectRoot = "";
			targets = (
				64E825792735D46B004737D0 /* Feel */,
			);
		};
/* End PBXProject section */

/* Begin PBXResourcesBuildPhase section */
		64E825782735D46B004737D0 /* Resources */ = {
			isa = PBXResourcesBuildPhase;
			buildActionMask = 2147483647;
			files = (
				64E8258A2735D46C004737D0 /* LaunchScreen.storyboard in Resources */,
				64E825872735D46C004737D0 /* Assets.xcassets in Resources */,
			);
			runOnlyForDeploymentPostprocessing = 0;
		};
/* End PBXResourcesBuildPhase section */

/* Begin PBXSourcesBuildPhase section */
		64E825762735D46B004737D0 /* Sources */ = {
			isa = PBXSourcesBuildPhase;
			buildActionMask = 2147483647;
			files = (
				6405950527497CD400ACE615 /* feelVC.swift in Sources */,
				64E8257E2735D46B004737D0 /* AppDelegate.swift in Sources */,
				6405950927497D2000ACE615 /* fifthVC.swift in Sources */,
				6405950327497C9400ACE615 /* secondVC.swift in Sources */,
				648735E627475D0800F6B5E2 /* TabBarVC.swift in Sources */,
				641990CD27A7AD9F001C7995 /* Extensions.swift in Sources */,
				6405950127497C0E00ACE615 /* firstVC.swift in Sources */,
				64E825802735D46B004737D0 /* SceneDelegate.swift in Sources */,
				64FBD087275C06BD00BD2B4B /* feedbackVC.swift in Sources */,
				6405950727497CF900ACE615 /* shareVC.swift in Sources */,
			);
			runOnlyForDeploymentPostprocessing = 0;
		};
/* End PBXSourcesBuildPhase section */

/* Begin PBXVariantGroup section */
		64E825882735D46C004737D0 /* LaunchScreen.storyboard */ = {
			isa = PBXVariantGroup;
			children = (
				64E825892735D46C004737D0 /* Base */,
			);
			name = LaunchScreen.storyboard;
			sourceTree = "<group>";
		};
/* End PBXVariantGroup section */

/* Begin XCBuildConfiguration section */
		64E8258C2735D46C004737D0 /* Debug */ = {
			isa = XCBuildConfiguration;
			buildSettings = {
				ALWAYS_SEARCH_USER_PATHS = NO;
				CLANG_ANALYZER_NONNULL = YES;
				CLANG_ANALYZER_NUMBER_OBJECT_CONVERSION = YES_AGGRESSIVE;
				CLANG_CXX_LANGUAGE_STANDARD = "gnu++17";
				CLANG_CXX_LIBRARY = "libc++";
				CLANG_ENABLE_MODULES = YES;
				CLANG_ENABLE_OBJC_ARC = YES;
				CLANG_ENABLE_OBJC_WEAK = YES;
				CLANG_WARN_BLOCK_CAPTURE_AUTORELEASING = YES;
				CLANG_WARN_BOOL_CONVERSION = YES;
				CLANG_WARN_COMMA = YES;
				CLANG_WARN_CONSTANT_CONVERSION = YES;
				CLANG_WARN_DEPRECATED_OBJC_IMPLEMENTATIONS = YES;
				CLANG_WARN_DIRECT_OBJC_ISA_USAGE = YES_ERROR;
				CLANG_WARN_DOCUMENTATION_COMMENTS = YES;
				CLANG_WARN_EMPTY_BODY = YES;
				CLANG_WARN_ENUM_CONVERSION = YES;
				CLANG_WARN_INFINITE_RECURSION = YES;
				CLANG_WARN_INT_CONVERSION = YES;
				CLANG_WARN_NON_LITERAL_NULL_CONVERSION = YES;
				CLANG_WARN_OBJC_IMPLICIT_RETAIN_SELF = YES;
				CLANG_WARN_OBJC_LITERAL_CONVERSION = YES;
				CLANG_WARN_OBJC_ROOT_CLASS = YES_ERROR;
				CLANG_WARN_QUOTED_INCLUDE_IN_FRAMEWORK_HEADER = YES;
				CLANG_WARN_RANGE_LOOP_ANALYSIS = YES;
				CLANG_WARN_STRICT_PROTOTYPES = YES;
				CLANG_WARN_SUSPICIOUS_MOVE = YES;
				CLANG_WARN_UNGUARDED_AVAILABILITY = YES_AGGRESSIVE;
				CLANG_WARN_UNREACHABLE_CODE = YES;
				CLANG_WARN__DUPLICATE_METHOD_MATCH = YES;
				COPY_PHASE_STRIP = NO;
				DEBUG_INFORMATION_FORMAT = dwarf;
				ENABLE_STRICT_OBJC_MSGSEND = YES;
				ENABLE_TESTABILITY = YES;
				GCC_C_LANGUAGE_STANDARD = gnu11;
				GCC_DYNAMIC_NO_PIC = NO;
				GCC_NO_COMMON_BLOCKS = YES;
				GCC_OPTIMIZATION_LEVEL = 0;
				GCC_PREPROCESSOR_DEFINITIONS = (
					"DEBUG=1",
					"$(inherited)",
				);
				GCC_WARN_64_TO_32_BIT_CONVERSION = YES;
				GCC_WARN_ABOUT_RETURN_TYPE = YES_ERROR;
				GCC_WARN_UNDECLARED_SELECTOR = YES;
				GCC_WARN_UNINITIALIZED_AUTOS = YES_AGGRESSIVE;
				GCC_WARN_UNUSED_FUNCTION = YES;
				GCC_WARN_UNUSED_VARIABLE = YES;
				IPHONEOS_DEPLOYMENT_TARGET = 15.0;
				MTL_ENABLE_DEBUG_INFO = INCLUDE_SOURCE;
				MTL_FAST_MATH = YES;
				ONLY_ACTIVE_ARCH = YES;
				SDKROOT = iphoneos;
				SWIFT_ACTIVE_COMPILATION_CONDITIONS = DEBUG;
				SWIFT_OPTIMIZATION_LEVEL = "-Onone";
			};
			name = Debug;
		};
		64E8258D2735D46C004737D0 /* Release */ = {
			isa = XCBuildConfiguration;
			buildSettings = {
				ALWAYS_SEARCH_USER_PATHS = NO;
				CLANG_ANALYZER_NONNULL = YES;
				CLANG_ANALYZER_NUMBER_OBJECT_CONVERSION = YES_AGGRESSIVE;
				CLANG_CXX_LANGUAGE_STANDARD = "gnu++17";
				CLANG_CXX_LIBRARY = "libc++";
				CLANG_ENABLE_MODULES = YES;
				CLANG_ENABLE_OBJC_ARC = YES;
				CLANG_ENABLE_OBJC_WEAK = YES;
				CLANG_WARN_BLOCK_CAPTURE_AUTORELEASING = YES;
				CLANG_WARN_BOOL_CONVERSION = YES;
				CLANG_WARN_COMMA = YES;
				CLANG_WARN_CONSTANT_CONVERSION = YES;
				CLANG_WARN_DEPRECATED_OBJC_IMPLEMENTATIONS = YES;
				CLANG_WARN_DIRECT_OBJC_ISA_USAGE = YES_ERROR;
				CLANG_WARN_DOCUMENTATION_COMMENTS = YES;
				CLANG_WARN_EMPTY_BODY = YES;
				CLANG_WARN_ENUM_CONVERSION = YES;
				CLANG_WARN_INFINITE_RECURSION = YES;
				CLANG_WARN_INT_CONVERSION = YES;
				CLANG_WARN_NON_LITERAL_NULL_CONVERSION = YES;
				CLANG_WARN_OBJC_IMPLICIT_RETAIN_SELF = YES;
				CLANG_WARN_OBJC_LITERAL_CONVERSION = YES;
				CLANG_WARN_OBJC_ROOT_CLASS = YES_ERROR;
				CLANG_WARN_QUOTED_INCLUDE_IN_FRAMEWORK_HEADER = YES;
				CLANG_WARN_RANGE_LOOP_ANALYSIS = YES;
				CLANG_WARN_STRICT_PROTOTYPES = YES;
				CLANG_WARN_SUSPICIOUS_MOVE = YES;
				CLANG_WARN_UNGUARDED_AVAILABILITY = YES_AGGRESSIVE;
				CLANG_WARN_UNREACHABLE_CODE = YES;
				CLANG_WARN__DUPLICATE_METHOD_MATCH = YES;
				COPY_PHASE_STRIP = NO;
				DEBUG_INFORMATION_FORMAT = "dwarf-with-dsym";
				ENABLE_NS_ASSERTIONS = NO;
				ENABLE_STRICT_OBJC_MSGSEND = YES;
				GCC_C_LANGUAGE_STANDARD = gnu11;
				GCC_NO_COMMON_BLOCKS = YES;
				GCC_WARN_64_TO_32_BIT_CONVERSION = YES;
				GCC_WARN_ABOUT_RETURN_TYPE = YES_ERROR;
				GCC_WARN_UNDECLARED_SELECTOR = YES;
				GCC_WARN_UNINITIALIZED_AUTOS = YES_AGGRESSIVE;
				GCC_WARN_UNUSED_FUNCTION = YES;
				GCC_WARN_UNUSED_VARIABLE = YES;
				IPHONEOS_DEPLOYMENT_TARGET = 15.0;
				MTL_ENABLE_DEBUG_INFO = NO;
				MTL_FAST_MATH = YES;
				SDKROOT = iphoneos;
				SWIFT_COMPILATION_MODE = wholemodule;
				SWIFT_OPTIMIZATION_LEVEL = "-O";
				VALIDATE_PRODUCT = YES;
			};
			name = Release;
		};
		64E8258F2735D46C004737D0 /* Debug */ = {
			isa = XCBuildConfiguration;
			buildSettings = {
				ASSETCATALOG_COMPILER_APPICON_NAME = AppIcon;
				ASSETCATALOG_COMPILER_GLOBAL_ACCENT_COLOR_NAME = AccentColor;
				CODE_SIGN_STYLE = Automatic;
				CURRENT_PROJECT_VERSION = 1;
				DEVELOPMENT_TEAM = 6A99U2JGQN;
				GENERATE_INFOPLIST_FILE = YES;
				INFOPLIST_FILE = Feel/Info.plist;
				INFOPLIST_KEY_UIApplicationSupportsIndirectInputEvents = YES;
				INFOPLIST_KEY_UILaunchStoryboardName = LaunchScreen;
				INFOPLIST_KEY_UISupportedInterfaceOrientations_iPad = "UIInterfaceOrientationPortrait UIInterfaceOrientationPortraitUpsideDown UIInterfaceOrientationLandscapeLeft UIInterfaceOrientationLandscapeRight";
				INFOPLIST_KEY_UISupportedInterfaceOrientations_iPhone = "UIInterfaceOrientationPortrait UIInterfaceOrientationLandscapeLeft UIInterfaceOrientationLandscapeRight";
				LD_RUNPATH_SEARCH_PATHS = (
					"$(inherited)",
					"@executable_path/Frameworks",
				);
				MARKETING_VERSION = 1.0;
				PRODUCT_BUNDLE_IDENTIFIER = mit.Feel;
				PRODUCT_NAME = "$(TARGET_NAME)";
				SWIFT_EMIT_LOC_STRINGS = YES;
				SWIFT_VERSION = 5.0;
				TARGETED_DEVICE_FAMILY = "1,2";
			};
			name = Debug;
		};
		64E825902735D46C004737D0 /* Release */ = {
			isa = XCBuildConfiguration;
			buildSettings = {
				ASSETCATALOG_COMPILER_APPICON_NAME = AppIcon;
				ASSETCATALOG_COMPILER_GLOBAL_ACCENT_COLOR_NAME = AccentColor;
				CODE_SIGN_STYLE = Automatic;
				CURRENT_PROJECT_VERSION = 1;
				DEVELOPMENT_TEAM = 6A99U2JGQN;
				GENERATE_INFOPLIST_FILE = YES;
				INFOPLIST_FILE = Feel/Info.plist;
				INFOPLIST_KEY_UIApplicationSupportsIndirectInputEvents = YES;
				INFOPLIST_KEY_UILaunchStoryboardName = LaunchScreen;
				INFOPLIST_KEY_UISupportedInterfaceOrientations_iPad = "UIInterfaceOrientationPortrait UIInterfaceOrientationPortraitUpsideDown UIInterfaceOrientationLandscapeLeft UIInterfaceOrientationLandscapeRight";
				INFOPLIST_KEY_UISupportedInterfaceOrientations_iPhone = "UIInterfaceOrientationPortrait UIInterfaceOrientationLandscapeLeft UIInterfaceOrientationLandscapeRight";
				LD_RUNPATH_SEARCH_PATHS = (
					"$(inherited)",
					"@executable_path/Frameworks",
				);
				MARKETING_VERSION = 1.0;
				PRODUCT_BUNDLE_IDENTIFIER = mit.Feel;
				PRODUCT_NAME = "$(TARGET_NAME)";
				SWIFT_EMIT_LOC_STRINGS = YES;
				SWIFT_VERSION = 5.0;
				TARGETED_DEVICE_FAMILY = "1,2";
			};
			name = Release;
		};
/* End XCBuildConfiguration section */

/* Begin XCConfigurationList section */
		64E825752735D46B004737D0 /* Build configuration list for PBXProject "Feel" */ = {
			isa = XCConfigurationList;
			buildConfigurations = (
				64E8258C2735D46C004737D0 /* Debug */,
				64E8258D2735D46C004737D0 /* Release */,
			);
			defaultConfigurationIsVisible = 0;
			defaultConfigurationName = Release;
		};
		64E8258E2735D46C004737D0 /* Build configuration list for PBXNativeTarget "Feel" */ = {
			isa = XCConfigurationList;
			buildConfigurations = (
				64E8258F2735D46C004737D0 /* Debug */,
				64E825902735D46C004737D0 /* Release */,
			);
			defaultConfigurationIsVisible = 0;
			defaultConfigurationName = Release;
		};
/* End XCConfigurationList section */
	};
	rootObject = 64E825722735D46B004737D0 /* Project object */;
}
